
Microsoft Visual Studio Solution File, Format Version 12.00
# Visual Studio 2012
Project("{FAE04EC0-301F-11D3-BF4B-00C04F79EFBC}") = "UnityVS.RTS.CSharp", "UnityVS.RTS.CSharp.csproj", "{F50DEF8A-05C5-80C4-CCF2-A5CF8AC4E7A8}"
EndProject
Project("{FAE04EC0-301F-11D3-BF4B-00C04F79EFBC}") = "UnityVS.RTS.CSharp.Editor", "UnityVS.RTS.CSharp.Editor.csproj", "{654D839D-A2EA-3239-B8B1-3A297A0F8A83}"
EndProject
Global
	GlobalSection(SolutionConfigurationPlatforms) = preSolution
		Debug|Any CPU = Debug|Any CPU
		Release|Any CPU = Release|Any CPU
	EndGlobalSection
	GlobalSection(ProjectConfigurationPlatforms) = postSolution
		{F50DEF8A-05C5-80C4-CCF2-A5CF8AC4E7A8}.Debug|Any CPU.ActiveCfg = Debug|Any CPU
		{F50DEF8A-05C5-80C4-CCF2-A5CF8AC4E7A8}.Debug|Any CPU.Build.0 = Debug|Any CPU
		{F50DEF8A-05C5-80C4-CCF2-A5CF8AC4E7A8}.Release|Any CPU.ActiveCfg = Release|Any CPU
		{F50DEF8A-05C5-80C4-CCF2-A5CF8AC4E7A8}.Release|Any CPU.Build.0 = Release|Any CPU
		{654D839D-A2EA-3239-B8B1-3A297A0F8A83}.Debug|Any CPU.ActiveCfg = Debug|Any CPU
		{654D839D-A2EA-3239-B8B1-3A297A0F8A83}.Debug|Any CPU.Build.0 = Debug|Any CPU
		{654D839D-A2EA-3239-B8B1-3A297A0F8A83}.Release|Any CPU.ActiveCfg = Release|Any CPU
		{654D839D-A2EA-3239-B8B1-3A297A0F8A83}.Release|Any CPU.Build.0 = Release|Any CPU
	EndGlobalSection
	GlobalSection(SolutionProperties) = preSolution
		HideSolutionNode = FALSE
	EndGlobalSection
EndGlobal
